// !$*UTF8*$!
{
	archiveVersion = 1;
	classes = {
	};
	objectVersion = 77;
	objects = {

/* Begin PBXContainerItemProxy section */
		7D1B67702DA4C5D000C9764D /* PBXContainerItemProxy */ = {
			isa = PBXContainerItemProxy;
			containerPortal = 7D1B674E2DA4C5CF00C9764D /* Project object */;
			proxyType = 1;
			remoteGlobalIDString = 7D1B67552DA4C5CF00C9764D;
			remoteInfo = AtomLearnUIKit;
		};
		7D1B677A2DA4C5D000C9764D /* PBXContainerItemProxy */ = {
			isa = PBXContainerItemProxy;
			containerPortal = 7D1B674E2DA4C5CF00C9764D /* Project object */;
			proxyType = 1;
			remoteGlobalIDString = 7D1B67552DA4C5CF00C9764D;
			remoteInfo = AtomLearnUIKit;
		};
/* End PBXContainerItemProxy section */

/* Begin PBXFileReference section */
		7D1B67562DA4C5CF00C9764D /* AtomLearnUIKit.app */ = {isa = PBXFileReference; explicitFileType = wrapper.application; includeInIndex = 0; path = AtomLearnUIKit.app; sourceTree = BUILT_PRODUCTS_DIR; };
		7D1B676F2DA4C5D000C9764D /* AtomLearnUIKitTests.xctest */ = {isa = PBXFileReference; explicitFileType = wrapper.cfbundle; includeInIndex = 0; path = AtomLearnUIKitTests.xctest; sourceTree = BUILT_PRODUCTS_DIR; };
		7D1B67792DA4C5D000C9764D /* AtomLearnUIKitUITests.xctest */ = {isa = PBXFileReference; explicitFileType = wrapper.cfbundle; includeInIndex = 0; path = AtomLearnUIKitUITests.xctest; sourceTree = BUILT_PRODUCTS_DIR; };
/* End PBXFileReference section */

/* Begin PBXFileSystemSynchronizedBuildFileExceptionSet section */
		7D1B67812DA4C5D000C9764D /* Exceptions for "AtomLearnUIKit" folder in "AtomLearnUIKit" target */ = {
			isa = PBXFileSystemSynchronizedBuildFileExceptionSet;
			membershipExceptions = (
				Info.plist,
			);
			target = 7D1B67552DA4C5CF00C9764D /* AtomLearnUIKit */;
		};
/* End PBXFileSystemSynchronizedBuildFileExceptionSet section */

/* Begin PBXFileSystemSynchronizedRootGroup section */
		7D1B67582DA4C5CF00C9764D /* AtomLearnUIKit */ = {
			isa = PBXFileSystemSynchronizedRootGroup;
			exceptions = (
				7D1B67812DA4C5D000C9764D /* Exceptions for "AtomLearnUIKit" folder in "AtomLearnUIKit" target */,
			);
			path = AtomLearnUIKit;
			sourceTree = "<group>";
		};
		7D1B67722DA4C5D000C9764D /* AtomLearnUIKitTests */ = {
			isa = PBXFileSystemSynchronizedRootGroup;
			path = AtomLearnUIKitTests;
			sourceTree = "<group>";
		};
		7D1B677C2DA4C5D000C9764D /* AtomLearnUIKitUITests */ = {
			isa = PBXFileSystemSynchronizedRootGroup;
			path = AtomLearnUIKitUITests;
			sourceTree = "<group>";
		};
/* End PBXFileSystemSynchronizedRootGroup section */

/* Begin PBXFrameworksBuildPhase section */
		7D1B67532DA4C5CF00C9764D /* Frameworks */ = {
			isa = PBXFrameworksBuildPhase;
			buildActionMask = 2147483647;
			files = (
			);
			runOnlyForDeploymentPostprocessing = 0;
		};
		7D1B676C2DA4C5D000C9764D /* Frameworks */ = {
			isa = PBXFrameworksBuildPhase;
			buildActionMask = 2147483647;
			files = (
			);
			runOnlyForDeploymentPostprocessing = 0;
		};
		7D1B67762DA4C5D000C9764D /* Frameworks */ = {
			isa = PBXFrameworksBuildPhase;
			buildActionMask = 2147483647;
			files = (
			);
			runOnlyForDeploymentPostprocessing = 0;
		};
/* End PBXFrameworksBuildPhase section */

/* Begin PBXGroup section */
		7D1B674D2DA4C5CF00C9764D = {
			isa = PBXGroup;
			children = (
				7D1B67582DA4C5CF00C9764D /* AtomLearnUIKit */,
				7D1B67722DA4C5D000C9764D /* AtomLearnUIKitTests */,
				7D1B677C2DA4C5D000C9764D /* AtomLearnUIKitUITests */,
				7D1B67572DA4C5CF00C9764D /* Products */,
			);
			sourceTree = "<group>";
		};
		7D1B67572DA4C5CF00C9764D /* Products */ = {
			isa = PBXGroup;
			children = (
				7D1B67562DA4C5CF00C9764D /* AtomLearnUIKit.app */,
				7D1B676F2DA4C5D000C9764D /* AtomLearnUIKitTests.xctest */,
				7D1B67792DA4C5D000C9764D /* AtomLearnUIKitUITests.xctest */,
			);
			name = Products;
			sourceTree = "<group>";
		};
/* End PBXGroup section */

/* Begin PBXNativeTarget section */
		7D1B67552DA4C5CF00C9764D /* AtomLearnUIKit */ = {
			isa = PBXNativeTarget;
			buildConfigurationList = 7D1B67822DA4C5D000C9764D /* Build configuration list for PBXNativeTarget "AtomLearnUIKit" */;
			buildPhases = (
				7D1B67522DA4C5CF00C9764D /* Sources */,
				7D1B67532DA4C5CF00C9764D /* Frameworks */,
				7D1B67542DA4C5CF00C9764D /* Resources */,
			);
			buildRules = (
			);
			dependencies = (
			);
			fileSystemSynchronizedGroups = (
				7D1B67582DA4C5CF00C9764D /* AtomLearnUIKit */,
			);
			name = AtomLearnUIKit;
			packageProductDependencies = (
			);
			productName = AtomLearnUIKit;
			productReference = 7D1B67562DA4C5CF00C9764D /* AtomLearnUIKit.app */;
			productType = "com.apple.product-type.application";
		};
		7D1B676E2DA4C5D000C9764D /* AtomLearnUIKitTests */ = {
			isa = PBXNativeTarget;
			buildConfigurationList = 7D1B67872DA4C5D000C9764D /* Build configuration list for PBXNativeTarget "AtomLearnUIKitTests" */;
			buildPhases = (
				7D1B676B2DA4C5D000C9764D /* Sources */,
				7D1B676C2DA4C5D000C9764D /* Frameworks */,
				7D1B676D2DA4C5D000C9764D /* Resources */,
			);
			buildRules = (
			);
			dependencies = (
				7D1B67712DA4C5D000C9764D /* PBXTargetDependency */,
			);
			fileSystemSynchronizedGroups = (
				7D1B67722DA4C5D000C9764D /* AtomLearnUIKitTests */,
			);
			name = AtomLearnUIKitTests;
			packageProductDependencies = (
			);
			productName = AtomLearnUIKitTests;
			productReference = 7D1B676F2DA4C5D000C9764D /* AtomLearnUIKitTests.xctest */;
			productType = "com.apple.product-type.bundle.unit-test";
		};
		7D1B67782DA4C5D000C9764D /* AtomLearnUIKitUITests */ = {
			isa = PBXNativeTarget;
			buildConfigurationList = 7D1B678A2DA4C5D000C9764D /* Build configuration list for PBXNativeTarget "AtomLearnUIKitUITests" */;
			buildPhases = (
				7D1B67752DA4C5D000C9764D /* Sources */,
				7D1B67762DA4C5D000C9764D /* Frameworks */,
				7D1B67772DA4C5D000C9764D /* Resources */,
			);
			buildRules = (
			);
			dependencies = (
				7D1B677B2DA4C5D000C9764D /* PBXTargetDependency */,
			);
			fileSystemSynchronizedGroups = (
				7D1B677C2DA4C5D000C9764D /* AtomLearnUIKitUITests */,
			);
			name = AtomLearnUIKitUITests;
			packageProductDependencies = (
			);
			productName = AtomLearnUIKitUITests;
			productReference = 7D1B67792DA4C5D000C9764D /* AtomLearnUIKitUITests.xctest */;
			productType = "com.apple.product-type.bundle.ui-testing";
		};
/* End PBXNativeTarget section */

/* Begin PBXProject section */
		7D1B674E2DA4C5CF00C9764D /* Project object */ = {
			isa = PBXProject;
			attributes = {
				BuildIndependentTargetsInParallel = 1;
				LastSwiftUpdateCheck = 1620;
				LastUpgradeCheck = 1620;
				TargetAttributes = {
					7D1B67552DA4C5CF00C9764D = {
						CreatedOnToolsVersion = 16.2;
					};
					7D1B676E2DA4C5D000C9764D = {
						CreatedOnToolsVersion = 16.2;
						TestTargetID = 7D1B67552DA4C5CF00C9764D;
					};
					7D1B67782DA4C5D000C9764D = {
						CreatedOnToolsVersion = 16.2;
						TestTargetID = 7D1B67552DA4C5CF00C9764D;
					};
				};
			};
			buildConfigurationList = 7D1B67512DA4C5CF00C9764D /* Build configuration list for PBXProject "AtomLearnUIKit" */;
			developmentRegion = en;
			hasScannedForEncodings = 0;
			knownRegions = (
				en,
				Base,
			);
			mainGroup = 7D1B674D2DA4C5CF00C9764D;
			minimizedProjectReferenceProxies = 1;
			preferredProjectObjectVersion = 77;
			productRefGroup = 7D1B67572DA4C5CF00C9764D /* Products */;
			projectDirPath = "";
			projectRoot = "";
			targets = (
				7D1B67552DA4C5CF00C9764D /* AtomLearnUIKit */,
				7D1B676E2DA4C5D000C9764D /* AtomLearnUIKitTests */,
				7D1B67782DA4C5D000C9764D /* AtomLearnUIKitUITests */,
			);
		};
/* End PBXProject section */

/* Begin PBXResourcesBuildPhase section */
		7D1B67542DA4C5CF00C9764D /* Resources */ = {
			isa = PBXResourcesBuildPhase;
			buildActionMask = 2147483647;
			files = (
			);
			runOnlyForDeploymentPostprocessing = 0;
		};
		7D1B676D2DA4C5D000C9764D /* Resources */ = {
			isa = PBXResourcesBuildPhase;
			buildActionMask = 2147483647;
			files = (
			);
			runOnlyForDeploymentPostprocessing = 0;
		};
		7D1B67772DA4C5D000C9764D /* Resources */ = {
			isa = PBXResourcesBuildPhase;
			buildActionMask = 2147483647;
			files = (
			);
			runOnlyForDeploymentPostprocessing = 0;
		};
/* End PBXResourcesBuildPhase section */

/* Begin PBXSourcesBuildPhase section */
		7D1B67522DA4C5CF00C9764D /* Sources */ = {
			isa = PBXSourcesBuildPhase;
			buildActionMask = 2147483647;
			files = (
			);
			runOnlyForDeploymentPostprocessing = 0;
		};
		7D1B676B2DA4C5D000C9764D /* Sources */ = {
			isa = PBXSourcesBuildPhase;
			buildActionMask = 2147483647;
			files = (
			);
			runOnlyForDeploymentPostprocessing = 0;
		};
		7D1B67752DA4C5D000C9764D /* Sources */ = {
			isa = PBXSourcesBuildPhase;
			buildActionMask = 2147483647;
			files = (
			);
			runOnlyForDeploymentPostprocessing = 0;
		};
/* End PBXSourcesBuildPhase section */

/* Begin PBXTargetDependency section */
		7D1B67712DA4C5D000C9764D /* PBXTargetDependency */ = {
			isa = PBXTargetDependency;
			target = 7D1B67552DA4C5CF00C9764D /* AtomLearnUIKit */;
			targetProxy = 7D1B67702DA4C5D000C9764D /* PBXContainerItemProxy */;
		};
		7D1B677B2DA4C5D000C9764D /* PBXTargetDependency */ = {
			isa = PBXTargetDependency;
			target = 7D1B67552DA4C5CF00C9764D /* AtomLearnUIKit */;
			targetProxy = 7D1B677A2DA4C5D000C9764D /* PBXContainerItemProxy */;
		};
/* End PBXTargetDependency section */

/* Begin XCBuildConfiguration section */
		7D1B67832DA4C5D000C9764D /* Debug */ = {
			isa = XCBuildConfiguration;
			buildSettings = {
				ASSETCATALOG_COMPILER_APPICON_NAME = AppIcon;
				ASSETCATALOG_COMPILER_GLOBAL_ACCENT_COLOR_NAME = AccentColor;
				CODE_SIGN_STYLE = Automatic;
				CURRENT_PROJECT_VERSION = 1;
				DEVELOPMENT_TEAM = FM5UA69R37;
				GENERATE_INFOPLIST_FILE = YES;
				INFOPLIST_FILE = AtomLearnUIKit/Info.plist;
				INFOPLIST_KEY_UIApplicationSupportsIndirectInputEvents = YES;
				INFOPLIST_KEY_UILaunchStoryboardName = LaunchScreen;
				INFOPLIST_KEY_UIMainStoryboardFile = Main;
				INFOPLIST_KEY_UISupportedInterfaceOrientations_iPad = "UIInterfaceOrientationPortrait UIInterfaceOrientationPortraitUpsideDown UIInterfaceOrientationLandscapeLeft UIInterfaceOrientationLandscapeRight";
				INFOPLIST_KEY_UISupportedInterfaceOrientations_iPhone = "UIInterfaceOrientationPortrait UIInterfaceOrientationLandscapeLeft UIInterfaceOrientationLandscapeRight";
				LD_RUNPATH_SEARCH_PATHS = (
					"$(inherited)",
					"@executable_path/Frameworks",
				);
				MARKETING_VERSION = 1.0;
				PRODUCT_BUNDLE_IDENTIFIER = Kekwaker.AtomLearnUIKit;
				PRODUCT_NAME = "$(TARGET_NAME)";
				SWIFT_EMIT_LOC_STRINGS = YES;
				SWIFT_VERSION = 5.0;
				TARGETED_DEVICE_FAMILY = "1,2";
			};
			name = Debug;
		};
		7D1B67842DA4C5D000C9764D /* Release */ = {
			isa = XCBuildConfiguration;
			buildSettings = {
				ASSETCATALOG_COMPILER_APPICON_NAME = AppIcon;
				ASSETCATALOG_COMPILER_GLOBAL_ACCENT_COLOR_NAME = AccentColor;
				CODE_SIGN_STYLE = Automatic;
				CURRENT_PROJECT_VERSION = 1;
				DEVELOPMENT_TEAM = FM5UA69R37;
				GENERATE_INFOPLIST_FILE = YES;
				INFOPLIST_FILE = AtomLearnUIKit/Info.plist;
				INFOPLIST_KEY_UIApplicationSupportsIndirectInputEvents = YES;
				INFOPLIST_KEY_UILaunchStoryboardName = LaunchScreen;
				INFOPLIST_KEY_UIMainStoryboardFile = Main;
				INFOPLIST_KEY_UISupportedInterfaceOrientations_iPad = "UIInterfaceOrientationPortrait UIInterfaceOrientationPortraitUpsideDown UIInterfaceOrientationLandscapeLeft UIInterfaceOrientationLandscapeRight";
				INFOPLIST_KEY_UISupportedInterfaceOrientations_iPhone = "UIInterfaceOrientationPortrait UIInterfaceOrientationLandscapeLeft UIInterfaceOrientationLandscapeRight";
				LD_RUNPATH_SEARCH_PATHS = (
					"$(inherited)",
					"@executable_path/Frameworks",
				);
				MARKETING_VERSION = 1.0;
				PRODUCT_BUNDLE_IDENTIFIER = Kekwaker.AtomLearnUIKit;
				PRODUCT_NAME = "$(TARGET_NAME)";
				SWIFT_EMIT_LOC_STRINGS = YES;
				SWIFT_VERSION = 5.0;
				TARGETED_DEVICE_FAMILY = "1,2";
			};
			name = Release;
		};
		7D1B67852DA4C5D000C9764D /* Debug */ = {
			isa = XCBuildConfiguration;
			buildSettings = {
				ALWAYS_SEARCH_USER_PATHS = NO;
				ASSETCATALOG_COMPILER_GENERATE_SWIFT_ASSET_SYMBOL_EXTENSIONS = YES;
				CLANG_ANALYZER_NONNULL = YES;
				CLANG_ANALYZER_NUMBER_OBJECT_CONVERSION = YES_AGGRESSIVE;
				CLANG_CXX_LANGUAGE_STANDARD = "gnu++20";
				CLANG_ENABLE_MODULES = YES;
				CLANG_ENABLE_OBJC_ARC = YES;
				CLANG_ENABLE_OBJC_WEAK = YES;
				CLANG_WARN_BLOCK_CAPTURE_AUTORELEASING = YES;
				CLANG_WARN_BOOL_CONVERSION = YES;
				CLANG_WARN_COMMA = YES;
				CLANG_WARN_CONSTANT_CONVERSION = YES;
				CLANG_WARN_DEPRECATED_OBJC_IMPLEMENTATIONS = YES;
				CLANG_WARN_DIRECT_OBJC_ISA_USAGE = YES_ERROR;
				CLANG_WARN_DOCUMENTATION_COMMENTS = YES;
				CLANG_WARN_EMPTY_BODY = YES;
				CLANG_WARN_ENUM_CONVERSION = YES;
				CLANG_WARN_INFINITE_RECURSION = YES;
				CLANG_WARN_INT_CONVERSION = YES;
				CLANG_WARN_NON_LITERAL_NULL_CONVERSION = YES;
				CLANG_WARN_OBJC_IMPLICIT_RETAIN_SELF = YES;
				CLANG_WARN_OBJC_LITERAL_CONVERSION = YES;
				CLANG_WARN_OBJC_ROOT_CLASS = YES_ERROR;
				CLANG_WARN_QUOTED_INCLUDE_IN_FRAMEWORK_HEADER = YES;
				CLANG_WARN_RANGE_LOOP_ANALYSIS = YES;
				CLANG_WARN_STRICT_PROTOTYPES = YES;
				CLANG_WARN_SUSPICIOUS_MOVE = YES;
				CLANG_WARN_UNGUARDED_AVAILABILITY = YES_AGGRESSIVE;
				CLANG_WARN_UNREACHABLE_CODE = YES;
				CLANG_WARN__DUPLICATE_METHOD_MATCH = YES;
				COPY_PHASE_STRIP = NO;
				DEBUG_INFORMATION_FORMAT = dwarf;
				ENABLE_STRICT_OBJC_MSGSEND = YES;
				ENABLE_TESTABILITY = YES;
				ENABLE_USER_SCRIPT_SANDBOXING = YES;
				GCC_C_LANGUAGE_STANDARD = gnu17;
				GCC_DYNAMIC_NO_PIC = NO;
				GCC_NO_COMMON_BLOCKS = YES;
				GCC_OPTIMIZATION_LEVEL = 0;
				GCC_PREPROCESSOR_DEFINITIONS = (
					"DEBUG=1",
					"$(inherited)",
				);
				GCC_WARN_64_TO_32_BIT_CONVERSION = YES;
				GCC_WARN_ABOUT_RETURN_TYPE = YES_ERROR;
				GCC_WARN_UNDECLARED_SELECTOR = YES;
				GCC_WARN_UNINITIALIZED_AUTOS = YES_AGGRESSIVE;
				GCC_WARN_UNUSED_FUNCTION = YES;
				GCC_WARN_UNUSED_VARIABLE = YES;
				IPHONEOS_DEPLOYMENT_TARGET = 18.2;
				LOCALIZATION_PREFERS_STRING_CATALOGS = YES;
				MTL_ENABLE_DEBUG_INFO = INCLUDE_SOURCE;
				MTL_FAST_MATH = YES;
				ONLY_ACTIVE_ARCH = YES;
				SDKROOT = iphoneos;
				SWIFT_ACTIVE_COMPILATION_CONDITIONS = "DEBUG $(inherited)";
				SWIFT_OPTIMIZATION_LEVEL = "-Onone";
			};
			name = Debug;
		};
		7D1B67862DA4C5D000C9764D /* Release */ = {
			isa = XCBuildConfiguration;
			buildSettings = {
				ALWAYS_SEARCH_USER_PATHS = NO;
				ASSETCATALOG_COMPILER_GENERATE_SWIFT_ASSET_SYMBOL_EXTENSIONS = YES;
				CLANG_ANALYZER_NONNULL = YES;
				CLANG_ANALYZER_NUMBER_OBJECT_CONVERSION = YES_AGGRESSIVE;
				CLANG_CXX_LANGUAGE_STANDARD = "gnu++20";
				CLANG_ENABLE_MODULES = YES;
				CLANG_ENABLE_OBJC_ARC = YES;
				CLANG_ENABLE_OBJC_WEAK = YES;
				CLANG_WARN_BLOCK_CAPTURE_AUTORELEASING = YES;
				CLANG_WARN_BOOL_CONVERSION = YES;
				CLANG_WARN_COMMA = YES;
				CLANG_WARN_CONSTANT_CONVERSION = YES;
				CLANG_WARN_DEPRECATED_OBJC_IMPLEMENTATIONS = YES;
				CLANG_WARN_DIRECT_OBJC_ISA_USAGE = YES_ERROR;
				CLANG_WARN_DOCUMENTATION_COMMENTS = YES;
				CLANG_WARN_EMPTY_BODY = YES;
				CLANG_WARN_ENUM_CONVERSION = YES;
				CLANG_WARN_INFINITE_RECURSION = YES;
				CLANG_WARN_INT_CONVERSION = YES;
				CLANG_WARN_NON_LITERAL_NULL_CONVERSION = YES;
				CLANG_WARN_OBJC_IMPLICIT_RETAIN_SELF = YES;
				CLANG_WARN_OBJC_LITERAL_CONVERSION = YES;
				CLANG_WARN_OBJC_ROOT_CLASS = YES_ERROR;
				CLANG_WARN_QUOTED_INCLUDE_IN_FRAMEWORK_HEADER = YES;
				CLANG_WARN_RANGE_LOOP_ANALYSIS = YES;
				CLANG_WARN_STRICT_PROTOTYPES = YES;
				CLANG_WARN_SUSPICIOUS_MOVE = YES;
				CLANG_WARN_UNGUARDED_AVAILABILITY = YES_AGGRESSIVE;
				CLANG_WARN_UNREACHABLE_CODE = YES;
				CLANG_WARN__DUPLICATE_METHOD_MATCH = YES;
				COPY_PHASE_STRIP = NO;
				DEBUG_INFORMATION_FORMAT = "dwarf-with-dsym";
				ENABLE_NS_ASSERTIONS = NO;
				ENABLE_STRICT_OBJC_MSGSEND = YES;
				ENABLE_USER_SCRIPT_SANDBOXING = YES;
				GCC_C_LANGUAGE_STANDARD = gnu17;
				GCC_NO_COMMON_BLOCKS = YES;
				GCC_WARN_64_TO_32_BIT_CONVERSION = YES;
				GCC_WARN_ABOUT_RETURN_TYPE = YES_ERROR;
				GCC_WARN_UNDECLARED_SELECTOR = YES;
				GCC_WARN_UNINITIALIZED_AUTOS = YES_AGGRESSIVE;
				GCC_WARN_UNUSED_FUNCTION = YES;
				GCC_WARN_UNUSED_VARIABLE = YES;
				IPHONEOS_DEPLOYMENT_TARGET = 18.2;
				LOCALIZATION_PREFERS_STRING_CATALOGS = YES;
				MTL_ENABLE_DEBUG_INFO = NO;
				MTL_FAST_MATH = YES;
				SDKROOT = iphoneos;
				SWIFT_COMPILATION_MODE = wholemodule;
				VALIDATE_PRODUCT = YES;
			};
			name = Release;
		};
		7D1B67882DA4C5D000C9764D /* Debug */ = {
			isa = XCBuildConfiguration;
			buildSettings = {
				BUNDLE_LOADER = "$(TEST_HOST)";
				CODE_SIGN_STYLE = Automatic;
				CURRENT_PROJECT_VERSION = 1;
				DEVELOPMENT_TEAM = FM5UA69R37;
				GENERATE_INFOPLIST_FILE = YES;
				IPHONEOS_DEPLOYMENT_TARGET = 18.2;
				MARKETING_VERSION = 1.0;
				PRODUCT_BUNDLE_IDENTIFIER = Kekwaker.AtomLearnUIKitTests;
				PRODUCT_NAME = "$(TARGET_NAME)";
				SWIFT_EMIT_LOC_STRINGS = NO;
				SWIFT_VERSION = 5.0;
				TARGETED_DEVICE_FAMILY = "1,2";
				TEST_HOST = "$(BUILT_PRODUCTS_DIR)/AtomLearnUIKit.app/$(BUNDLE_EXECUTABLE_FOLDER_PATH)/AtomLearnUIKit";
			};
			name = Debug;
		};
		7D1B67892DA4C5D000C9764D /* Release */ = {
			isa = XCBuildConfiguration;
			buildSettings = {
				BUNDLE_LOADER = "$(TEST_HOST)";
				CODE_SIGN_STYLE = Automatic;
				CURRENT_PROJECT_VERSION = 1;
				DEVELOPMENT_TEAM = FM5UA69R37;
				GENERATE_INFOPLIST_FILE = YES;
				IPHONEOS_DEPLOYMENT_TARGET = 18.2;
				MARKETING_VERSION = 1.0;
				PRODUCT_BUNDLE_IDENTIFIER = Kekwaker.AtomLearnUIKitTests;
				PRODUCT_NAME = "$(TARGET_NAME)";
				SWIFT_EMIT_LOC_STRINGS = NO;
				SWIFT_VERSION = 5.0;
				TARGETED_DEVICE_FAMILY = "1,2";
				TEST_HOST = "$(BUILT_PRODUCTS_DIR)/AtomLearnUIKit.app/$(BUNDLE_EXECUTABLE_FOLDER_PATH)/AtomLearnUIKit";
			};
			name = Release;
		};
		7D1B678B2DA4C5D000C9764D /* Debug */ = {
			isa = XCBuildConfiguration;
			buildSettings = {
				CODE_SIGN_STYLE = Automatic;
				CURRENT_PROJECT_VERSION = 1;
				DEVELOPMENT_TEAM = FM5UA69R37;
				GENERATE_INFOPLIST_FILE = YES;
				MARKETING_VERSION = 1.0;
				PRODUCT_BUNDLE_IDENTIFIER = Kekwaker.AtomLearnUIKitUITests;
				PRODUCT_NAME = "$(TARGET_NAME)";
				SWIFT_EMIT_LOC_STRINGS = NO;
				SWIFT_VERSION = 5.0;
				TARGETED_DEVICE_FAMILY = "1,2";
				TEST_TARGET_NAME = AtomLearnUIKit;
			};
			name = Debug;
		};
		7D1B678C2DA4C5D000C9764D /* Release */ = {
			isa = XCBuildConfiguration;
			buildSettings = {
				CODE_SIGN_STYLE = Automatic;
				CURRENT_PROJECT_VERSION = 1;
				DEVELOPMENT_TEAM = FM5UA69R37;
				GENERATE_INFOPLIST_FILE = YES;
				MARKETING_VERSION = 1.0;
				PRODUCT_BUNDLE_IDENTIFIER = Kekwaker.AtomLearnUIKitUITests;
				PRODUCT_NAME = "$(TARGET_NAME)";
				SWIFT_EMIT_LOC_STRINGS = NO;
				SWIFT_VERSION = 5.0;
				TARGETED_DEVICE_FAMILY = "1,2";
				TEST_TARGET_NAME = AtomLearnUIKit;
			};
			name = Release;
		};
/* End XCBuildConfiguration section */

/* Begin XCConfigurationList section */
		7D1B67512DA4C5CF00C9764D /* Build configuration list for PBXProject "AtomLearnUIKit" */ = {
			isa = XCConfigurationList;
			buildConfigurations = (
				7D1B67852DA4C5D000C9764D /* Debug */,
				7D1B67862DA4C5D000C9764D /* Release */,
			);
			defaultConfigurationIsVisible = 0;
			defaultConfigurationName = Release;
		};
		7D1B67822DA4C5D000C9764D /* Build configuration list for PBXNativeTarget "AtomLearnUIKit" */ = {
			isa = XCConfigurationList;
			buildConfigurations = (
				7D1B67832DA4C5D000C9764D /* Debug */,
				7D1B67842DA4C5D000C9764D /* Release */,
			);
			defaultConfigurationIsVisible = 0;
			defaultConfigurationName = Release;
		};
		7D1B67872DA4C5D000C9764D /* Build configuration list for PBXNativeTarget "AtomLearnUIKitTests" */ = {
			isa = XCConfigurationList;
			buildConfigurations = (
				7D1B67882DA4C5D000C9764D /* Debug */,
				7D1B67892DA4C5D000C9764D /* Release */,
			);
			defaultConfigurationIsVisible = 0;
			defaultConfigurationName = Release;
		};
		7D1B678A2DA4C5D000C9764D /* Build configuration list for PBXNativeTarget "AtomLearnUIKitUITests" */ = {
			isa = XCConfigurationList;
			buildConfigurations = (
				7D1B678B2DA4C5D000C9764D /* Debug */,
				7D1B678C2DA4C5D000C9764D /* Release */,
			);
			defaultConfigurationIsVisible = 0;
			defaultConfigurationName = Release;
		};
/* End XCConfigurationList section */
	};
	rootObject = 7D1B674E2DA4C5CF00C9764D /* Project object */;
}
